
Microsoft Visual Studio Solution File, Format Version 10.00
# Visual Studio 2008
Project("{FAE04EC0-301F-11D3-BF4B-00C04F79EFBC}") = "MarkLogic_ExcelAddin_Test", "MarkLogic_ExcelAddin_Test\MarkLogic_ExcelAddin_Test.csproj", "{67106BFD-3CA0-4382-92CA-D42F8E8028A0}"
EndProject
Global
	GlobalSection(SolutionConfigurationPlatforms) = preSolution
		Debug|Any CPU = Debug|Any CPU
		Release|Any CPU = Release|Any CPU
	EndGlobalSection
	GlobalSection(ProjectConfigurationPlatforms) = postSolution
		{67106BFD-3CA0-4382-92CA-D42F8E8028A0}.Debug|Any CPU.ActiveCfg = Debug|Any CPU
		{67106BFD-3CA0-4382-92CA-D42F8E8028A0}.Debug|Any CPU.Build.0 = Debug|Any CPU
		{67106BFD-3CA0-4382-92CA-D42F8E8028A0}.Release|Any CPU.ActiveCfg = Release|Any CPU
		{67106BFD-3CA0-4382-92CA-D42F8E8028A0}.Release|Any CPU.Build.0 = Release|Any CPU
	EndGlobalSection
	GlobalSection(SolutionProperties) = preSolution
		HideSolutionNode = FALSE
	EndGlobalSection
EndGlobal
